<Solution>
  <Project Path="APISolution/APISolution.csproj" />
  <Project Path="ApiTest/ApiTest.csproj" Id="2cd8d3f5-1db5-411c-b16d-06e38369086f" />
  <Project Path="Application/Application.csproj" Id="d9699d92-231d-43dd-b531-9c62fa747d2a" />
  <Project Path="Domain/Domain.csproj" Id="367a8613-908d-4ad3-8795-b35ff321e6a7" />
  <Project Path="Infraestrutura/Infraestrutura.csproj" Id="c8b7e94c-a480-4280-80cc-496c72e39cbc" />
  <Project Path="Plataforma-Front/Plataforma-Front.csproj" Id="91fde674-fe3f-4eaa-ba7f-0cc1c6693fa9" />
</Solution>
